# This file is generated by running "yarn install" inside your project.
# Manual changes might be lost - proceed with caution!

__metadata:
  version: 8
  cacheKey: 10c0

"@fellesdatakatalog/fdk-labs@workspace:.":
  version: 0.0.0-use.local
  resolution: "@fellesdatakatalog/fdk-labs@workspace:."
  dependencies:
    skills: "npm:1.3.4"
  languageName: unknown
  linkType: soft

"skills@npm:1.3.4":
  version: 1.3.4
  resolution: "skills@npm:1.3.4"
  bin:
    add-skill: bin/cli.mjs
    skills: bin/cli.mjs
  checksum: 10c0/57a9819c2a6eccbbaab92270d28b932304005a5e651494b176d4448405ed7cd1a73c0c73afef8031daa1560535b6cb608bfbda8b942e66668174cde37ba64493
  languageName: node
  linkType: hard
