# This file is generated by running "yarn install" inside your project.
# Manual changes might be lost - proceed with caution!

__metadata:
  version: 8
  cacheKey: 10c0

"@fellesdatakatalog/fdk-labs@workspace:.":
  version: 0.0.0-use.local
  resolution: "@fellesdatakatalog/fdk-labs@workspace:."
  dependencies:
    skills: "npm:1.3.8"
  languageName: unknown
  linkType: soft

"skills@npm:1.3.8":
  version: 1.3.8
  resolution: "skills@npm:1.3.8"
  bin:
    add-skill: bin/cli.mjs
    skills: bin/cli.mjs
  checksum: 10c0/cf23f801b6c635932e214536d5329d7d169572c760d70f02c4a95d7e8a794b352375547d6c2e3e00164bdb335ec690bd1b985c4f1101c1339c2b556e1ce5b7db
  languageName: node
  linkType: hard
